// !$*UTF8*$!
{
	archiveVersion = 1;
	classes = {
	};
	objectVersion = 46;
	objects = {

/* Begin PBXBuildFile section */
		FE3E4B491965530C0001A366 /* Foundation.framework in Frameworks */ = {isa = PBXBuildFile; fileRef = FE3E4B481965530C0001A366 /* Foundation.framework */; };
		FE3E4B4B1965530C0001A366 /* CoreGraphics.framework in Frameworks */ = {isa = PBXBuildFile; fileRef = FE3E4B4A1965530C0001A366 /* CoreGraphics.framework */; };
		FE3E4B4D1965530C0001A366 /* UIKit.framework in Frameworks */ = {isa = PBXBuildFile; fileRef = FE3E4B4C1965530C0001A366 /* UIKit.framework */; };
		FE3E4B531965530C0001A366 /* InfoPlist.strings in Resources */ = {isa = PBXBuildFile; fileRef = FE3E4B511965530C0001A366 /* InfoPlist.strings */; };
		FE3E4B551965530C0001A366 /* main.m in Sources */ = {isa = PBXBuildFile; fileRef = FE3E4B541965530C0001A366 /* main.m */; };
		FE3E4B591965530C0001A366 /* AppDelegate.m in Sources */ = {isa = PBXBuildFile; fileRef = FE3E4B581965530C0001A366 /* AppDelegate.m */; };
		FE3E4B5C1965530C0001A366 /* Main.storyboard in Resources */ = {isa = PBXBuildFile; fileRef = FE3E4B5A1965530C0001A366 /* Main.storyboard */; };
		FE3E4B5F1965530C0001A366 /* ViewController.m in Sources */ = {isa = PBXBuildFile; fileRef = FE3E4B5E1965530C0001A366 /* ViewController.m */; };
		FE3E4B611965530C0001A366 /* Images.xcassets in Resources */ = {isa = PBXBuildFile; fileRef = FE3E4B601965530C0001A366 /* Images.xcassets */; };
		FE3E4B681965530C0001A366 /* XCTest.framework in Frameworks */ = {isa = PBXBuildFile; fileRef = FE3E4B671965530C0001A366 /* XCTest.framework */; };
		FE3E4B691965530C0001A366 /* Foundation.framework in Frameworks */ = {isa = PBXBuildFile; fileRef = FE3E4B481965530C0001A366 /* Foundation.framework */; };
		FE3E4B6A1965530C0001A366 /* UIKit.framework in Frameworks */ = {isa = PBXBuildFile; fileRef = FE3E4B4C1965530C0001A366 /* UIKit.framework */; };
		FE3E4B721965530C0001A366 /* InfoPlist.strings in Resources */ = {isa = PBXBuildFile; fileRef = FE3E4B701965530C0001A366 /* InfoPlist.strings */; };
		FE3E4B741965530C0001A366 /* TYAlertTexstTests.m in Sources */ = {isa = PBXBuildFile; fileRef = FE3E4B731965530C0001A366 /* TYAlertTexstTests.m */; };
		FE3E4B81196553130001A366 /* YTAlertTableView.m in Sources */ = {isa = PBXBuildFile; fileRef = FE3E4B7E196553130001A366 /* YTAlertTableView.m */; };
		FE3E4B82196553130001A366 /* YTAlertView.m in Sources */ = {isa = PBXBuildFile; fileRef = FE3E4B80196553130001A366 /* YTAlertView.m */; };
		FE3E4B89196554A50001A366 /* MyNotification.m in Sources */ = {isa = PBXBuildFile; fileRef = FE3E4B88196554A50001A366 /* MyNotification.m */; };
		FE3E4B8D196559040001A366 /* UIView+DrawLine.m in Sources */ = {isa = PBXBuildFile; fileRef = FE3E4B8C196559040001A366 /* UIView+DrawLine.m */; };
/* End PBXBuildFile section */

/* Begin PBXContainerItemProxy section */
		FE3E4B6B1965530C0001A366 /* PBXContainerItemProxy */ = {
			isa = PBXContainerItemProxy;
			containerPortal = FE3E4B3D1965530C0001A366 /* Project object */;
			proxyType = 1;
			remoteGlobalIDString = FE3E4B441965530C0001A366;
			remoteInfo = TYAlertTexst;
		};
/* End PBXContainerItemProxy section */

/* Begin PBXFileReference section */
		FE3E4B451965530C0001A366 /* TYAlertTexst.app */ = {isa = PBXFileReference; explicitFileType = wrapper.application; includeInIndex = 0; path = TYAlertTexst.app; sourceTree = BUILT_PRODUCTS_DIR; };
		FE3E4B481965530C0001A366 /* Foundation.framework */ = {isa = PBXFileReference; lastKnownFileType = wrapper.framework; name = Foundation.framework; path = System/Library/Frameworks/Foundation.framework; sourceTree = SDKROOT; };
		FE3E4B4A1965530C0001A366 /* CoreGraphics.framework */ = {isa = PBXFileReference; lastKnownFileType = wrapper.framework; name = CoreGraphics.framework; path = System/Library/Frameworks/CoreGraphics.framework; sourceTree = SDKROOT; };
		FE3E4B4C1965530C0001A366 /* UIKit.framework */ = {isa = PBXFileReference; lastKnownFileType = wrapper.framework; name = UIKit.framework; path = System/Library/Frameworks/UIKit.framework; sourceTree = SDKROOT; };
		FE3E4B501965530C0001A366 /* TYAlertTexst-Info.plist */ = {isa = PBXFileReference; lastKnownFileType = text.plist.xml; path = "TYAlertTexst-Info.plist"; sourceTree = "<group>"; };
		FE3E4B521965530C0001A366 /* en */ = {isa = PBXFileReference; lastKnownFileType = text.plist.strings; name = en; path = en.lproj/InfoPlist.strings; sourceTree = "<group>"; };
		FE3E4B541965530C0001A366 /* main.m */ = {isa = PBXFileReference; lastKnownFileType = sourcecode.c.objc; path = main.m; sourceTree = "<group>"; };
		FE3E4B561965530C0001A366 /* TYAlertTexst-Prefix.pch */ = {isa = PBXFileReference; lastKnownFileType = sourcecode.c.h; path = "TYAlertTexst-Prefix.pch"; sourceTree = "<group>"; };
		FE3E4B571965530C0001A366 /* AppDelegate.h */ = {isa = PBXFileReference; lastKnownFileType = sourcecode.c.h; path = AppDelegate.h; sourceTree = "<group>"; };
		FE3E4B581965530C0001A366 /* AppDelegate.m */ = {isa = PBXFileReference; lastKnownFileType = sourcecode.c.objc; path = AppDelegate.m; sourceTree = "<group>"; };
		FE3E4B5B1965530C0001A366 /* Base */ = {isa = PBXFileReference; lastKnownFileType = file.storyboard; name = Base; path = Base.lproj/Main.storyboard; sourceTree = "<group>"; };
		FE3E4B5D1965530C0001A366 /* ViewController.h */ = {isa = PBXFileReference; lastKnownFileType = sourcecode.c.h; path = ViewController.h; sourceTree = "<group>"; };
		FE3E4B5E1965530C0001A366 /* ViewController.m */ = {isa = PBXFileReference; lastKnownFileType = sourcecode.c.objc; path = ViewController.m; sourceTree = "<group>"; };
		FE3E4B601965530C0001A366 /* Images.xcassets */ = {isa = PBXFileReference; lastKnownFileType = folder.assetcatalog; path = Images.xcassets; sourceTree = "<group>"; };
		FE3E4B661965530C0001A366 /* TYAlertTexstTests.xctest */ = {isa = PBXFileReference; explicitFileType = wrapper.cfbundle; includeInIndex = 0; path = TYAlertTexstTests.xctest; sourceTree = BUILT_PRODUCTS_DIR; };
		FE3E4B671965530C0001A366 /* XCTest.framework */ = {isa = PBXFileReference; lastKnownFileType = wrapper.framework; name = XCTest.framework; path = Library/Frameworks/XCTest.framework; sourceTree = DEVELOPER_DIR; };
		FE3E4B6F1965530C0001A366 /* TYAlertTexstTests-Info.plist */ = {isa = PBXFileReference; lastKnownFileType = text.plist.xml; path = "TYAlertTexstTests-Info.plist"; sourceTree = "<group>"; };
		FE3E4B711965530C0001A366 /* en */ = {isa = PBXFileReference; lastKnownFileType = text.plist.strings; name = en; path = en.lproj/InfoPlist.strings; sourceTree = "<group>"; };
		FE3E4B731965530C0001A366 /* TYAlertTexstTests.m */ = {isa = PBXFileReference; lastKnownFileType = sourcecode.c.objc; path = TYAlertTexstTests.m; sourceTree = "<group>"; };
		FE3E4B7D196553130001A366 /* YTAlertTableView.h */ = {isa = PBXFileReference; fileEncoding = 4; lastKnownFileType = sourcecode.c.h; path = YTAlertTableView.h; sourceTree = "<group>"; };
		FE3E4B7E196553130001A366 /* YTAlertTableView.m */ = {isa = PBXFileReference; fileEncoding = 4; lastKnownFileType = sourcecode.c.objc; path = YTAlertTableView.m; sourceTree = "<group>"; };
		FE3E4B7F196553130001A366 /* YTAlertView.h */ = {isa = PBXFileReference; fileEncoding = 4; lastKnownFileType = sourcecode.c.h; path = YTAlertView.h; sourceTree = "<group>"; };
		FE3E4B80196553130001A366 /* YTAlertView.m */ = {isa = PBXFileReference; fileEncoding = 4; lastKnownFileType = sourcecode.c.objc; path = YTAlertView.m; sourceTree = "<group>"; };
		FE3E4B87196554A50001A366 /* MyNotification.h */ = {isa = PBXFileReference; fileEncoding = 4; lastKnownFileType = sourcecode.c.h; path = MyNotification.h; sourceTree = "<group>"; };
		FE3E4B88196554A50001A366 /* MyNotification.m */ = {isa = PBXFileReference; fileEncoding = 4; lastKnownFileType = sourcecode.c.objc; path = MyNotification.m; sourceTree = "<group>"; };
		FE3E4B8A196558B90001A366 /* ImhtMacro.h */ = {isa = PBXFileReference; fileEncoding = 4; lastKnownFileType = sourcecode.c.h; path = ImhtMacro.h; sourceTree = "<group>"; };
		FE3E4B8B196559040001A366 /* UIView+DrawLine.h */ = {isa = PBXFileReference; fileEncoding = 4; lastKnownFileType = sourcecode.c.h; path = "UIView+DrawLine.h"; sourceTree = "<group>"; };
		FE3E4B8C196559040001A366 /* UIView+DrawLine.m */ = {isa = PBXFileReference; fileEncoding = 4; lastKnownFileType = sourcecode.c.objc; path = "UIView+DrawLine.m"; sourceTree = "<group>"; };
/* End PBXFileReference section */

/* Begin PBXFrameworksBuildPhase section */
		FE3E4B421965530C0001A366 /* Frameworks */ = {
			isa = PBXFrameworksBuildPhase;
			buildActionMask = 2147483647;
			files = (
				FE3E4B4B1965530C0001A366 /* CoreGraphics.framework in Frameworks */,
				FE3E4B4D1965530C0001A366 /* UIKit.framework in Frameworks */,
				FE3E4B491965530C0001A366 /* Foundation.framework in Frameworks */,
			);
			runOnlyForDeploymentPostprocessing = 0;
		};
		FE3E4B631965530C0001A366 /* Frameworks */ = {
			isa = PBXFrameworksBuildPhase;
			buildActionMask = 2147483647;
			files = (
				FE3E4B681965530C0001A366 /* XCTest.framework in Frameworks */,
				FE3E4B6A1965530C0001A366 /* UIKit.framework in Frameworks */,
				FE3E4B691965530C0001A366 /* Foundation.framework in Frameworks */,
			);
			runOnlyForDeploymentPostprocessing = 0;
		};
/* End PBXFrameworksBuildPhase section */

/* Begin PBXGroup section */
		FE3E4B3C1965530C0001A366 = {
			isa = PBXGroup;
			children = (
				FE3E4B8B196559040001A366 /* UIView+DrawLine.h */,
				FE3E4B8C196559040001A366 /* UIView+DrawLine.m */,
				FE3E4B8A196558B90001A366 /* ImhtMacro.h */,
				FE3E4B87196554A50001A366 /* MyNotification.h */,
				FE3E4B88196554A50001A366 /* MyNotification.m */,
				FE3E4B83196553170001A366 /* YTAlertView */,
				FE3E4B4E1965530C0001A366 /* TYAlertTexst */,
				FE3E4B6D1965530C0001A366 /* TYAlertTexstTests */,
				FE3E4B471965530C0001A366 /* Frameworks */,
				FE3E4B461965530C0001A366 /* Products */,
			);
			sourceTree = "<group>";
		};
		FE3E4B461965530C0001A366 /* Products */ = {
			isa = PBXGroup;
			children = (
				FE3E4B451965530C0001A366 /* TYAlertTexst.app */,
				FE3E4B661965530C0001A366 /* TYAlertTexstTests.xctest */,
			);
			name = Products;
			sourceTree = "<group>";
		};
		FE3E4B471965530C0001A366 /* Frameworks */ = {
			isa = PBXGroup;
			children = (
				FE3E4B481965530C0001A366 /* Foundation.framework */,
				FE3E4B4A1965530C0001A366 /* CoreGraphics.framework */,
				FE3E4B4C1965530C0001A366 /* UIKit.framework */,
				FE3E4B671965530C0001A366 /* XCTest.framework */,
			);
			name = Frameworks;
			sourceTree = "<group>";
		};
		FE3E4B4E1965530C0001A366 /* TYAlertTexst */ = {
			isa = PBXGroup;
			children = (
				FE3E4B571965530C0001A366 /* AppDelegate.h */,
				FE3E4B581965530C0001A366 /* AppDelegate.m */,
				FE3E4B5A1965530C0001A366 /* Main.storyboard */,
				FE3E4B5D1965530C0001A366 /* ViewController.h */,
				FE3E4B5E1965530C0001A366 /* ViewController.m */,
				FE3E4B601965530C0001A366 /* Images.xcassets */,
				FE3E4B4F1965530C0001A366 /* Supporting Files */,
			);
			path = TYAlertTexst;
			sourceTree = "<group>";
		};
		FE3E4B4F1965530C0001A366 /* Supporting Files */ = {
			isa = PBXGroup;
			children = (
				FE3E4B501965530C0001A366 /* TYAlertTexst-Info.plist */,
				FE3E4B511965530C0001A366 /* InfoPlist.strings */,
				FE3E4B541965530C0001A366 /* main.m */,
				FE3E4B561965530C0001A366 /* TYAlertTexst-Prefix.pch */,
			);
			name = "Supporting Files";
			sourceTree = "<group>";
		};
		FE3E4B6D1965530C0001A366 /* TYAlertTexstTests */ = {
			isa = PBXGroup;
			children = (
				FE3E4B731965530C0001A366 /* TYAlertTexstTests.m */,
				FE3E4B6E1965530C0001A366 /* Supporting Files */,
			);
			path = TYAlertTexstTests;
			sourceTree = "<group>";
		};
		FE3E4B6E1965530C0001A366 /* Supporting Files */ = {
			isa = PBXGroup;
			children = (
				FE3E4B6F1965530C0001A366 /* TYAlertTexstTests-Info.plist */,
				FE3E4B701965530C0001A366 /* InfoPlist.strings */,
			);
			name = "Supporting Files";
			sourceTree = "<group>";
		};
		FE3E4B83196553170001A366 /* YTAlertView */ = {
			isa = PBXGroup;
			children = (
				FE3E4B7D196553130001A366 /* YTAlertTableView.h */,
				FE3E4B7E196553130001A366 /* YTAlertTableView.m */,
				FE3E4B7F196553130001A366 /* YTAlertView.h */,
				FE3E4B80196553130001A366 /* YTAlertView.m */,
			);
			name = YTAlertView;
			sourceTree = "<group>";
		};
/* End PBXGroup section */

/* Begin PBXNativeTarget section */
		FE3E4B441965530C0001A366 /* TYAlertTexst */ = {
			isa = PBXNativeTarget;
			buildConfigurationList = FE3E4B771965530C0001A366 /* Build configuration list for PBXNativeTarget "TYAlertTexst" */;
			buildPhases = (
				FE3E4B411965530C0001A366 /* Sources */,
				FE3E4B421965530C0001A366 /* Frameworks */,
				FE3E4B431965530C0001A366 /* Resources */,
			);
			buildRules = (
			);
			dependencies = (
			);
			name = TYAlertTexst;
			productName = TYAlertTexst;
			productReference = FE3E4B451965530C0001A366 /* TYAlertTexst.app */;
			productType = "com.apple.product-type.application";
		};
		FE3E4B651965530C0001A366 /* TYAlertTexstTests */ = {
			isa = PBXNativeTarget;
			buildConfigurationList = FE3E4B7A1965530C0001A366 /* Build configuration list for PBXNativeTarget "TYAlertTexstTests" */;
			buildPhases = (
				FE3E4B621965530C0001A366 /* Sources */,
				FE3E4B631965530C0001A366 /* Frameworks */,
				FE3E4B641965530C0001A366 /* Resources */,
			);
			buildRules = (
			);
			dependencies = (
				FE3E4B6C1965530C0001A366 /* PBXTargetDependency */,
			);
			name = TYAlertTexstTests;
			productName = TYAlertTexstTests;
			productReference = FE3E4B661965530C0001A366 /* TYAlertTexstTests.xctest */;
			productType = "com.apple.product-type.bundle.unit-test";
		};
/* End PBXNativeTarget section */

/* Begin PBXProject section */
		FE3E4B3D1965530C0001A366 /* Project object */ = {
			isa = PBXProject;
			attributes = {
				LastUpgradeCheck = 0510;
				ORGANIZATIONNAME = ioszyt;
				TargetAttributes = {
					FE3E4B651965530C0001A366 = {
						TestTargetID = FE3E4B441965530C0001A366;
					};
				};
			};
			buildConfigurationList = FE3E4B401965530C0001A366 /* Build configuration list for PBXProject "TYAlertTexst" */;
			compatibilityVersion = "Xcode 3.2";
			developmentRegion = English;
			hasScannedForEncodings = 0;
			knownRegions = (
				en,
				Base,
			);
			mainGroup = FE3E4B3C1965530C0001A366;
			productRefGroup = FE3E4B461965530C0001A366 /* Products */;
			projectDirPath = "";
			projectRoot = "";
			targets = (
				FE3E4B441965530C0001A366 /* TYAlertTexst */,
				FE3E4B651965530C0001A366 /* TYAlertTexstTests */,
			);
		};
/* End PBXProject section */

/* Begin PBXResourcesBuildPhase section */
		FE3E4B431965530C0001A366 /* Resources */ = {
			isa = PBXResourcesBuildPhase;
			buildActionMask = 2147483647;
			files = (
				FE3E4B611965530C0001A366 /* Images.xcassets in Resources */,
				FE3E4B531965530C0001A366 /* InfoPlist.strings in Resources */,
				FE3E4B5C1965530C0001A366 /* Main.storyboard in Resources */,
			);
			runOnlyForDeploymentPostprocessing = 0;
		};
		FE3E4B641965530C0001A366 /* Resources */ = {
			isa = PBXResourcesBuildPhase;
			buildActionMask = 2147483647;
			files = (
				FE3E4B721965530C0001A366 /* InfoPlist.strings in Resources */,
			);
			runOnlyForDeploymentPostprocessing = 0;
		};
/* End PBXResourcesBuildPhase section */

/* Begin PBXSourcesBuildPhase section */
		FE3E4B411965530C0001A366 /* Sources */ = {
			isa = PBXSourcesBuildPhase;
			buildActionMask = 2147483647;
			files = (
				FE3E4B89196554A50001A366 /* MyNotification.m in Sources */,
				FE3E4B5F1965530C0001A366 /* ViewController.m in Sources */,
				FE3E4B8D196559040001A366 /* UIView+DrawLine.m in Sources */,
				FE3E4B81196553130001A366 /* YTAlertTableView.m in Sources */,
				FE3E4B591965530C0001A366 /* AppDelegate.m in Sources */,
				FE3E4B82196553130001A366 /* YTAlertView.m in Sources */,
				FE3E4B551965530C0001A366 /* main.m in Sources */,
			);
			runOnlyForDeploymentPostprocessing = 0;
		};
		FE3E4B621965530C0001A366 /* Sources */ = {
			isa = PBXSourcesBuildPhase;
			buildActionMask = 2147483647;
			files = (
				FE3E4B741965530C0001A366 /* TYAlertTexstTests.m in Sources */,
			);
			runOnlyForDeploymentPostprocessing = 0;
		};
/* End PBXSourcesBuildPhase section */

/* Begin PBXTargetDependency section */
		FE3E4B6C1965530C0001A366 /* PBXTargetDependency */ = {
			isa = PBXTargetDependency;
			target = FE3E4B441965530C0001A366 /* TYAlertTexst */;
			targetProxy = FE3E4B6B1965530C0001A366 /* PBXContainerItemProxy */;
		};
/* End PBXTargetDependency section */

/* Begin PBXVariantGroup section */
		FE3E4B511965530C0001A366 /* InfoPlist.strings */ = {
			isa = PBXVariantGroup;
			children = (
				FE3E4B521965530C0001A366 /* en */,
			);
			name = InfoPlist.strings;
			sourceTree = "<group>";
		};
		FE3E4B5A1965530C0001A366 /* Main.storyboard */ = {
			isa = PBXVariantGroup;
			children = (
				FE3E4B5B1965530C0001A366 /* Base */,
			);
			name = Main.storyboard;
			sourceTree = "<group>";
		};
		FE3E4B701965530C0001A366 /* InfoPlist.strings */ = {
			isa = PBXVariantGroup;
			children = (
				FE3E4B711965530C0001A366 /* en */,
			);
			name = InfoPlist.strings;
			sourceTree = "<group>";
		};
/* End PBXVariantGroup section */

/* Begin XCBuildConfiguration section */
		FE3E4B751965530C0001A366 /* Debug */ = {
			isa = XCBuildConfiguration;
			buildSettings = {
				ALWAYS_SEARCH_USER_PATHS = NO;
				CLANG_CXX_LANGUAGE_STANDARD = "gnu++0x";
				CLANG_CXX_LIBRARY = "libc++";
				CLANG_ENABLE_MODULES = YES;
				CLANG_ENABLE_OBJC_ARC = YES;
				CLANG_WARN_BOOL_CONVERSION = YES;
				CLANG_WARN_CONSTANT_CONVERSION = YES;
				CLANG_WARN_DIRECT_OBJC_ISA_USAGE = YES_ERROR;
				CLANG_WARN_EMPTY_BODY = YES;
				CLANG_WARN_ENUM_CONVERSION = YES;
				CLANG_WARN_INT_CONVERSION = YES;
				CLANG_WARN_OBJC_ROOT_CLASS = YES_ERROR;
				CLANG_WARN__DUPLICATE_METHOD_MATCH = YES;
				"CODE_SIGN_IDENTITY[sdk=iphoneos*]" = "iPhone Developer";
				COPY_PHASE_STRIP = NO;
				GCC_C_LANGUAGE_STANDARD = gnu99;
				GCC_DYNAMIC_NO_PIC = NO;
				GCC_OPTIMIZATION_LEVEL = 0;
				GCC_PREPROCESSOR_DEFINITIONS = (
					"DEBUG=1",
					"$(inherited)",
				);
				GCC_SYMBOLS_PRIVATE_EXTERN = NO;
				GCC_WARN_64_TO_32_BIT_CONVERSION = YES;
				GCC_WARN_ABOUT_RETURN_TYPE = YES_ERROR;
				GCC_WARN_UNDECLARED_SELECTOR = YES;
				GCC_WARN_UNINITIALIZED_AUTOS = YES_AGGRESSIVE;
				GCC_WARN_UNUSED_FUNCTION = YES;
				GCC_WARN_UNUSED_VARIABLE = YES;
				IPHONEOS_DEPLOYMENT_TARGET = 7.1;
				ONLY_ACTIVE_ARCH = YES;
				SDKROOT = iphoneos;
			};
			name = Debug;
		};
		FE3E4B761965530C0001A366 /* Release */ = {
			isa = XCBuildConfiguration;
			buildSettings = {
				ALWAYS_SEARCH_USER_PATHS = NO;
				CLANG_CXX_LANGUAGE_STANDARD = "gnu++0x";
				CLANG_CXX_LIBRARY = "libc++";
				CLANG_ENABLE_MODULES = YES;
				CLANG_ENABLE_OBJC_ARC = YES;
				CLANG_WARN_BOOL_CONVERSION = YES;
				CLANG_WARN_CONSTANT_CONVERSION = YES;
				CLANG_WARN_DIRECT_OBJC_ISA_USAGE = YES_ERROR;
				CLANG_WARN_EMPTY_BODY = YES;
				CLANG_WARN_ENUM_CONVERSION = YES;
				CLANG_WARN_INT_CONVERSION = YES;
				CLANG_WARN_OBJC_ROOT_CLASS = YES_ERROR;
				CLANG_WARN__DUPLICATE_METHOD_MATCH = YES;
				"CODE_SIGN_IDENTITY[sdk=iphoneos*]" = "iPhone Developer";
				COPY_PHASE_STRIP = YES;
				ENABLE_NS_ASSERTIONS = NO;
				GCC_C_LANGUAGE_STANDARD = gnu99;
				GCC_WARN_64_TO_32_BIT_CONVERSION = YES;
				GCC_WARN_ABOUT_RETURN_TYPE = YES_ERROR;
				GCC_WARN_UNDECLARED_SELECTOR = YES;
				GCC_WARN_UNINITIALIZED_AUTOS = YES_AGGRESSIVE;
				GCC_WARN_UNUSED_FUNCTION = YES;
				GCC_WARN_UNUSED_VARIABLE = YES;
				IPHONEOS_DEPLOYMENT_TARGET = 7.1;
				SDKROOT = iphoneos;
				VALIDATE_PRODUCT = YES;
			};
			name = Release;
		};
		FE3E4B781965530C0001A366 /* Debug */ = {
			isa = XCBuildConfiguration;
			buildSettings = {
				ASSETCATALOG_COMPILER_APPICON_NAME = AppIcon;
				ASSETCATALOG_COMPILER_LAUNCHIMAGE_NAME = LaunchImage;
				GCC_PRECOMPILE_PREFIX_HEADER = YES;
				GCC_PREFIX_HEADER = "TYAlertTexst/TYAlertTexst-Prefix.pch";
				INFOPLIST_FILE = "TYAlertTexst/TYAlertTexst-Info.plist";
				PRODUCT_NAME = "$(TARGET_NAME)";
				WRAPPER_EXTENSION = app;
			};
			name = Debug;
		};
		FE3E4B791965530C0001A366 /* Release */ = {
			isa = XCBuildConfiguration;
			buildSettings = {
				ASSETCATALOG_COMPILER_APPICON_NAME = AppIcon;
				ASSETCATALOG_COMPILER_LAUNCHIMAGE_NAME = LaunchImage;
				GCC_PRECOMPILE_PREFIX_HEADER = YES;
				GCC_PREFIX_HEADER = "TYAlertTexst/TYAlertTexst-Prefix.pch";
				INFOPLIST_FILE = "TYAlertTexst/TYAlertTexst-Info.plist";
				PRODUCT_NAME = "$(TARGET_NAME)";
				WRAPPER_EXTENSION = app;
			};
			name = Release;
		};
		FE3E4B7B1965530C0001A366 /* Debug */ = {
			isa = XCBuildConfiguration;
			buildSettings = {
				BUNDLE_LOADER = "$(BUILT_PRODUCTS_DIR)/TYAlertTexst.app/TYAlertTexst";
				FRAMEWORK_SEARCH_PATHS = (
					"$(SDKROOT)/Developer/Library/Frameworks",
					"$(inherited)",
					"$(DEVELOPER_FRAMEWORKS_DIR)",
				);
				GCC_PRECOMPILE_PREFIX_HEADER = YES;
				GCC_PREFIX_HEADER = "TYAlertTexst/TYAlertTexst-Prefix.pch";
				GCC_PREPROCESSOR_DEFINITIONS = (
					"DEBUG=1",
					"$(inherited)",
				);
				INFOPLIST_FILE = "TYAlertTexstTests/TYAlertTexstTests-Info.plist";
				PRODUCT_NAME = "$(TARGET_NAME)";
				TEST_HOST = "$(BUNDLE_LOADER)";
				WRAPPER_EXTENSION = xctest;
			};
			name = Debug;
		};
		FE3E4B7C1965530C0001A366 /* Release */ = {
			isa = XCBuildConfiguration;
			buildSettings = {
				BUNDLE_LOADER = "$(BUILT_PRODUCTS_DIR)/TYAlertTexst.app/TYAlertTexst";
				FRAMEWORK_SEARCH_PATHS = (
					"$(SDKROOT)/Developer/Library/Frameworks",
					"$(inherited)",
					"$(DEVELOPER_FRAMEWORKS_DIR)",
				);
				GCC_PRECOMPILE_PREFIX_HEADER = YES;
				GCC_PREFIX_HEADER = "TYAlertTexst/TYAlertTexst-Prefix.pch";
				INFOPLIST_FILE = "TYAlertTexstTests/TYAlertTexstTests-Info.plist";
				PRODUCT_NAME = "$(TARGET_NAME)";
				TEST_HOST = "$(BUNDLE_LOADER)";
				WRAPPER_EXTENSION = xctest;
			};
			name = Release;
		};
/* End XCBuildConfiguration section */

/* Begin XCConfigurationList section */
		FE3E4B401965530C0001A366 /* Build configuration list for PBXProject "TYAlertTexst" */ = {
			isa = XCConfigurationList;
			buildConfigurations = (
				FE3E4B751965530C0001A366 /* Debug */,
				FE3E4B761965530C0001A366 /* Release */,
			);
			defaultConfigurationIsVisible = 0;
			defaultConfigurationName = Release;
		};
		FE3E4B771965530C0001A366 /* Build configuration list for PBXNativeTarget "TYAlertTexst" */ = {
			isa = XCConfigurationList;
			buildConfigurations = (
				FE3E4B781965530C0001A366 /* Debug */,
				FE3E4B791965530C0001A366 /* Release */,
			);
			defaultConfigurationIsVisible = 0;
		};
		FE3E4B7A1965530C0001A366 /* Build configuration list for PBXNativeTarget "TYAlertTexstTests" */ = {
			isa = XCConfigurationList;
			buildConfigurations = (
				FE3E4B7B1965530C0001A366 /* Debug */,
				FE3E4B7C1965530C0001A366 /* Release */,
			);
			defaultConfigurationIsVisible = 0;
		};
/* End XCConfigurationList section */
	};
	rootObject = FE3E4B3D1965530C0001A366 /* Project object */;
}
